{
  "name": "tycoon",
  "version": "1.0.0",
  "lockfileVersion": 3,
  "requires": true,
  "packages": {
    "": {
      "name": "tycoon",
      "version": "1.0.0",
      "license": "ISC",
      "dependencies": {
        "@types/keypress": "^2.0.30",
        "keypress": "^0.2.1"
      }
    },
    "node_modules/@types/keypress": {
      "version": "2.0.30",
      "resolved": "https://registry.npmjs.org/@types/keypress/-/keypress-2.0.30.tgz",
      "integrity": "sha512-PCS6Mrv4gbQ9167E25nuVmqerT4xM/zWuVFTLfHdQgBwmsfMj2kXR1DI3qZ5N3p21gbrPweRghci2CjMHRCWkA==",
      "deprecated": "'@types/keypress' is now '@types/keypress.js'"
    },
    "node_modules/keypress": {
      "version": "0.2.1",
      "resolved": "https://registry.npmjs.org/keypress/-/keypress-0.2.1.tgz",
      "integrity": "sha512-HjorDJFNhnM4SicvaUXac0X77NiskggxJdesG72+O5zBKpSqKFCrqmndKVqpu3pFqkla0St6uGk8Ju0sCurrmg=="
    }
  }
}
